// !$*UTF8*$!
{
	archiveVersion = 1;
	classes = {
	};
	objectVersion = 77;
	objects = {

/* Begin PBXContainerItemProxy section */
		B25BFE952CCE35DD008AC601 /* PBXContainerItemProxy */ = {
			isa = PBXContainerItemProxy;
			containerPortal = B25BFE7A2CCE35D8008AC601 /* Project object */;
			proxyType = 1;
			remoteGlobalIDString = B25BFE812CCE35D8008AC601;
			remoteInfo = "sample-memo";
		};
		B25BFE9F2CCE35DD008AC601 /* PBXContainerItemProxy */ = {
			isa = PBXContainerItemProxy;
			containerPortal = B25BFE7A2CCE35D8008AC601 /* Project object */;
			proxyType = 1;
			remoteGlobalIDString = B25BFE812CCE35D8008AC601;
			remoteInfo = "sample-memo";
		};
/* End PBXContainerItemProxy section */

/* Begin PBXFileReference section */
		B25BFE822CCE35D8008AC601 /* sample-memo.app */ = {isa = PBXFileReference; explicitFileType = wrapper.application; includeInIndex = 0; path = "sample-memo.app"; sourceTree = BUILT_PRODUCTS_DIR; };
		B25BFE942CCE35DD008AC601 /* sample-memoTests.xctest */ = {isa = PBXFileReference; explicitFileType = wrapper.cfbundle; includeInIndex = 0; path = "sample-memoTests.xctest"; sourceTree = BUILT_PRODUCTS_DIR; };
		B25BFE9E2CCE35DD008AC601 /* sample-memoUITests.xctest */ = {isa = PBXFileReference; explicitFileType = wrapper.cfbundle; includeInIndex = 0; path = "sample-memoUITests.xctest"; sourceTree = BUILT_PRODUCTS_DIR; };
/* End PBXFileReference section */

/* Begin PBXFileSystemSynchronizedRootGroup section */
		B25BFE842CCE35D8008AC601 /* sample-memo */ = {
			isa = PBXFileSystemSynchronizedRootGroup;
			path = "sample-memo";
			sourceTree = "<group>";
		};
		B25BFE972CCE35DD008AC601 /* sample-memoTests */ = {
			isa = PBXFileSystemSynchronizedRootGroup;
			path = "sample-memoTests";
			sourceTree = "<group>";
		};
		B25BFEA12CCE35DD008AC601 /* sample-memoUITests */ = {
			isa = PBXFileSystemSynchronizedRootGroup;
			path = "sample-memoUITests";
			sourceTree = "<group>";
		};
/* End PBXFileSystemSynchronizedRootGroup section */

/* Begin PBXFrameworksBuildPhase section */
		B25BFE7F2CCE35D8008AC601 /* Frameworks */ = {
			isa = PBXFrameworksBuildPhase;
			buildActionMask = 2147483647;
			files = (
			);
			runOnlyForDeploymentPostprocessing = 0;
		};
		B25BFE912CCE35DD008AC601 /* Frameworks */ = {
			isa = PBXFrameworksBuildPhase;
			buildActionMask = 2147483647;
			files = (
			);
			runOnlyForDeploymentPostprocessing = 0;
		};
		B25BFE9B2CCE35DD008AC601 /* Frameworks */ = {
			isa = PBXFrameworksBuildPhase;
			buildActionMask = 2147483647;
			files = (
			);
			runOnlyForDeploymentPostprocessing = 0;
		};
/* End PBXFrameworksBuildPhase section */

/* Begin PBXGroup section */
		B25BFE792CCE35D8008AC601 = {
			isa = PBXGroup;
			children = (
				B25BFE842CCE35D8008AC601 /* sample-memo */,
				B25BFE972CCE35DD008AC601 /* sample-memoTests */,
				B25BFEA12CCE35DD008AC601 /* sample-memoUITests */,
				B25BFE832CCE35D8008AC601 /* Products */,
			);
			sourceTree = "<group>";
		};
		B25BFE832CCE35D8008AC601 /* Products */ = {
			isa = PBXGroup;
			children = (
				B25BFE822CCE35D8008AC601 /* sample-memo.app */,
				B25BFE942CCE35DD008AC601 /* sample-memoTests.xctest */,
				B25BFE9E2CCE35DD008AC601 /* sample-memoUITests.xctest */,
			);
			name = Products;
			sourceTree = "<group>";
		};
/* End PBXGroup section */

/* Begin PBXNativeTarget section */
		B25BFE812CCE35D8008AC601 /* sample-memo */ = {
			isa = PBXNativeTarget;
			buildConfigurationList = B25BFEA82CCE35DD008AC601 /* Build configuration list for PBXNativeTarget "sample-memo" */;
			buildPhases = (
				B25BFE7E2CCE35D8008AC601 /* Sources */,
				B25BFE7F2CCE35D8008AC601 /* Frameworks */,
				B25BFE802CCE35D8008AC601 /* Resources */,
			);
			buildRules = (
			);
			dependencies = (
			);
			fileSystemSynchronizedGroups = (
				B25BFE842CCE35D8008AC601 /* sample-memo */,
			);
			name = "sample-memo";
			packageProductDependencies = (
			);
			productName = "sample-memo";
			productReference = B25BFE822CCE35D8008AC601 /* sample-memo.app */;
			productType = "com.apple.product-type.application";
		};
		B25BFE932CCE35DD008AC601 /* sample-memoTests */ = {
			isa = PBXNativeTarget;
			buildConfigurationList = B25BFEAB2CCE35DD008AC601 /* Build configuration list for PBXNativeTarget "sample-memoTests" */;
			buildPhases = (
				B25BFE902CCE35DD008AC601 /* Sources */,
				B25BFE912CCE35DD008AC601 /* Frameworks */,
				B25BFE922CCE35DD008AC601 /* Resources */,
			);
			buildRules = (
			);
			dependencies = (
				B25BFE962CCE35DD008AC601 /* PBXTargetDependency */,
			);
			fileSystemSynchronizedGroups = (
				B25BFE972CCE35DD008AC601 /* sample-memoTests */,
			);
			name = "sample-memoTests";
			packageProductDependencies = (
			);
			productName = "sample-memoTests";
			productReference = B25BFE942CCE35DD008AC601 /* sample-memoTests.xctest */;
			productType = "com.apple.product-type.bundle.unit-test";
		};
		B25BFE9D2CCE35DD008AC601 /* sample-memoUITests */ = {
			isa = PBXNativeTarget;
			buildConfigurationList = B25BFEAE2CCE35DD008AC601 /* Build configuration list for PBXNativeTarget "sample-memoUITests" */;
			buildPhases = (
				B25BFE9A2CCE35DD008AC601 /* Sources */,
				B25BFE9B2CCE35DD008AC601 /* Frameworks */,
				B25BFE9C2CCE35DD008AC601 /* Resources */,
			);
			buildRules = (
			);
			dependencies = (
				B25BFEA02CCE35DD008AC601 /* PBXTargetDependency */,
			);
			fileSystemSynchronizedGroups = (
				B25BFEA12CCE35DD008AC601 /* sample-memoUITests */,
			);
			name = "sample-memoUITests";
			packageProductDependencies = (
			);
			productName = "sample-memoUITests";
			productReference = B25BFE9E2CCE35DD008AC601 /* sample-memoUITests.xctest */;
			productType = "com.apple.product-type.bundle.ui-testing";
		};
/* End PBXNativeTarget section */

/* Begin PBXProject section */
		B25BFE7A2CCE35D8008AC601 /* Project object */ = {
			isa = PBXProject;
			attributes = {
				BuildIndependentTargetsInParallel = 1;
				LastSwiftUpdateCheck = 1600;
				LastUpgradeCheck = 1600;
				TargetAttributes = {
					B25BFE812CCE35D8008AC601 = {
						CreatedOnToolsVersion = 16.0;
					};
					B25BFE932CCE35DD008AC601 = {
						CreatedOnToolsVersion = 16.0;
						TestTargetID = B25BFE812CCE35D8008AC601;
					};
					B25BFE9D2CCE35DD008AC601 = {
						CreatedOnToolsVersion = 16.0;
						TestTargetID = B25BFE812CCE35D8008AC601;
					};
				};
			};
			buildConfigurationList = B25BFE7D2CCE35D8008AC601 /* Build configuration list for PBXProject "sample-memo" */;
			developmentRegion = en;
			hasScannedForEncodings = 0;
			knownRegions = (
				en,
				Base,
			);
			mainGroup = B25BFE792CCE35D8008AC601;
			minimizedProjectReferenceProxies = 1;
			preferredProjectObjectVersion = 77;
			productRefGroup = B25BFE832CCE35D8008AC601 /* Products */;
			projectDirPath = "";
			projectRoot = "";
			targets = (
				B25BFE812CCE35D8008AC601 /* sample-memo */,
				B25BFE932CCE35DD008AC601 /* sample-memoTests */,
				B25BFE9D2CCE35DD008AC601 /* sample-memoUITests */,
			);
		};
/* End PBXProject section */

/* Begin PBXResourcesBuildPhase section */
		B25BFE802CCE35D8008AC601 /* Resources */ = {
			isa = PBXResourcesBuildPhase;
			buildActionMask = 2147483647;
			files = (
			);
			runOnlyForDeploymentPostprocessing = 0;
		};
		B25BFE922CCE35DD008AC601 /* Resources */ = {
			isa = PBXResourcesBuildPhase;
			buildActionMask = 2147483647;
			files = (
			);
			runOnlyForDeploymentPostprocessing = 0;
		};
		B25BFE9C2CCE35DD008AC601 /* Resources */ = {
			isa = PBXResourcesBuildPhase;
			buildActionMask = 2147483647;
			files = (
			);
			runOnlyForDeploymentPostprocessing = 0;
		};
/* End PBXResourcesBuildPhase section */

/* Begin PBXSourcesBuildPhase section */
		B25BFE7E2CCE35D8008AC601 /* Sources */ = {
			isa = PBXSourcesBuildPhase;
			buildActionMask = 2147483647;
			files = (
			);
			runOnlyForDeploymentPostprocessing = 0;
		};
		B25BFE902CCE35DD008AC601 /* Sources */ = {
			isa = PBXSourcesBuildPhase;
			buildActionMask = 2147483647;
			files = (
			);
			runOnlyForDeploymentPostprocessing = 0;
		};
		B25BFE9A2CCE35DD008AC601 /* Sources */ = {
			isa = PBXSourcesBuildPhase;
			buildActionMask = 2147483647;
			files = (
			);
			runOnlyForDeploymentPostprocessing = 0;
		};
/* End PBXSourcesBuildPhase section */

/* Begin PBXTargetDependency section */
		B25BFE962CCE35DD008AC601 /* PBXTargetDependency */ = {
			isa = PBXTargetDependency;
			target = B25BFE812CCE35D8008AC601 /* sample-memo */;
			targetProxy = B25BFE952CCE35DD008AC601 /* PBXContainerItemProxy */;
		};
		B25BFEA02CCE35DD008AC601 /* PBXTargetDependency */ = {
			isa = PBXTargetDependency;
			target = B25BFE812CCE35D8008AC601 /* sample-memo */;
			targetProxy = B25BFE9F2CCE35DD008AC601 /* PBXContainerItemProxy */;
		};
/* End PBXTargetDependency section */

/* Begin XCBuildConfiguration section */
		B25BFEA62CCE35DD008AC601 /* Debug */ = {
			isa = XCBuildConfiguration;
			buildSettings = {
				ALWAYS_SEARCH_USER_PATHS = NO;
				ASSETCATALOG_COMPILER_GENERATE_SWIFT_ASSET_SYMBOL_EXTENSIONS = YES;
				CLANG_ANALYZER_NONNULL = YES;
				CLANG_ANALYZER_NUMBER_OBJECT_CONVERSION = YES_AGGRESSIVE;
				CLANG_CXX_LANGUAGE_STANDARD = "gnu++20";
				CLANG_ENABLE_MODULES = YES;
				CLANG_ENABLE_OBJC_ARC = YES;
				CLANG_ENABLE_OBJC_WEAK = YES;
				CLANG_WARN_BLOCK_CAPTURE_AUTORELEASING = YES;
				CLANG_WARN_BOOL_CONVERSION = YES;
				CLANG_WARN_COMMA = YES;
				CLANG_WARN_CONSTANT_CONVERSION = YES;
				CLANG_WARN_DEPRECATED_OBJC_IMPLEMENTATIONS = YES;
				CLANG_WARN_DIRECT_OBJC_ISA_USAGE = YES_ERROR;
				CLANG_WARN_DOCUMENTATION_COMMENTS = YES;
				CLANG_WARN_EMPTY_BODY = YES;
				CLANG_WARN_ENUM_CONVERSION = YES;
				CLANG_WARN_INFINITE_RECURSION = YES;
				CLANG_WARN_INT_CONVERSION = YES;
				CLANG_WARN_NON_LITERAL_NULL_CONVERSION = YES;
				CLANG_WARN_OBJC_IMPLICIT_RETAIN_SELF = YES;
				CLANG_WARN_OBJC_LITERAL_CONVERSION = YES;
				CLANG_WARN_OBJC_ROOT_CLASS = YES_ERROR;
				CLANG_WARN_QUOTED_INCLUDE_IN_FRAMEWORK_HEADER = YES;
				CLANG_WARN_RANGE_LOOP_ANALYSIS = YES;
				CLANG_WARN_STRICT_PROTOTYPES = YES;
				CLANG_WARN_SUSPICIOUS_MOVE = YES;
				CLANG_WARN_UNGUARDED_AVAILABILITY = YES_AGGRESSIVE;
				CLANG_WARN_UNREACHABLE_CODE = YES;
				CLANG_WARN__DUPLICATE_METHOD_MATCH = YES;
				COPY_PHASE_STRIP = NO;
				DEBUG_INFORMATION_FORMAT = dwarf;
				ENABLE_STRICT_OBJC_MSGSEND = YES;
				ENABLE_TESTABILITY = YES;
				ENABLE_USER_SCRIPT_SANDBOXING = YES;
				GCC_C_LANGUAGE_STANDARD = gnu17;
				GCC_DYNAMIC_NO_PIC = NO;
				GCC_NO_COMMON_BLOCKS = YES;
				GCC_OPTIMIZATION_LEVEL = 0;
				GCC_PREPROCESSOR_DEFINITIONS = (
					"DEBUG=1",
					"$(inherited)",
				);
				GCC_WARN_64_TO_32_BIT_CONVERSION = YES;
				GCC_WARN_ABOUT_RETURN_TYPE = YES_ERROR;
				GCC_WARN_UNDECLARED_SELECTOR = YES;
				GCC_WARN_UNINITIALIZED_AUTOS = YES_AGGRESSIVE;
				GCC_WARN_UNUSED_FUNCTION = YES;
				GCC_WARN_UNUSED_VARIABLE = YES;
				IPHONEOS_DEPLOYMENT_TARGET = 18.0;
				LOCALIZATION_PREFERS_STRING_CATALOGS = YES;
				MTL_ENABLE_DEBUG_INFO = INCLUDE_SOURCE;
				MTL_FAST_MATH = YES;
				ONLY_ACTIVE_ARCH = YES;
				SDKROOT = iphoneos;
				SWIFT_ACTIVE_COMPILATION_CONDITIONS = "DEBUG $(inherited)";
				SWIFT_OPTIMIZATION_LEVEL = "-Onone";
			};
			name = Debug;
		};
		B25BFEA72CCE35DD008AC601 /* Release */ = {
			isa = XCBuildConfiguration;
			buildSettings = {
				ALWAYS_SEARCH_USER_PATHS = NO;
				ASSETCATALOG_COMPILER_GENERATE_SWIFT_ASSET_SYMBOL_EXTENSIONS = YES;
				CLANG_ANALYZER_NONNULL = YES;
				CLANG_ANALYZER_NUMBER_OBJECT_CONVERSION = YES_AGGRESSIVE;
				CLANG_CXX_LANGUAGE_STANDARD = "gnu++20";
				CLANG_ENABLE_MODULES = YES;
				CLANG_ENABLE_OBJC_ARC = YES;
				CLANG_ENABLE_OBJC_WEAK = YES;
				CLANG_WARN_BLOCK_CAPTURE_AUTORELEASING = YES;
				CLANG_WARN_BOOL_CONVERSION = YES;
				CLANG_WARN_COMMA = YES;
				CLANG_WARN_CONSTANT_CONVERSION = YES;
				CLANG_WARN_DEPRECATED_OBJC_IMPLEMENTATIONS = YES;
				CLANG_WARN_DIRECT_OBJC_ISA_USAGE = YES_ERROR;
				CLANG_WARN_DOCUMENTATION_COMMENTS = YES;
				CLANG_WARN_EMPTY_BODY = YES;
				CLANG_WARN_ENUM_CONVERSION = YES;
				CLANG_WARN_INFINITE_RECURSION = YES;
				CLANG_WARN_INT_CONVERSION = YES;
				CLANG_WARN_NON_LITERAL_NULL_CONVERSION = YES;
				CLANG_WARN_OBJC_IMPLICIT_RETAIN_SELF = YES;
				CLANG_WARN_OBJC_LITERAL_CONVERSION = YES;
				CLANG_WARN_OBJC_ROOT_CLASS = YES_ERROR;
				CLANG_WARN_QUOTED_INCLUDE_IN_FRAMEWORK_HEADER = YES;
				CLANG_WARN_RANGE_LOOP_ANALYSIS = YES;
				CLANG_WARN_STRICT_PROTOTYPES = YES;
				CLANG_WARN_SUSPICIOUS_MOVE = YES;
				CLANG_WARN_UNGUARDED_AVAILABILITY = YES_AGGRESSIVE;
				CLANG_WARN_UNREACHABLE_CODE = YES;
				CLANG_WARN__DUPLICATE_METHOD_MATCH = YES;
				COPY_PHASE_STRIP = NO;
				DEBUG_INFORMATION_FORMAT = "dwarf-with-dsym";
				ENABLE_NS_ASSERTIONS = NO;
				ENABLE_STRICT_OBJC_MSGSEND = YES;
				ENABLE_USER_SCRIPT_SANDBOXING = YES;
				GCC_C_LANGUAGE_STANDARD = gnu17;
				GCC_NO_COMMON_BLOCKS = YES;
				GCC_WARN_64_TO_32_BIT_CONVERSION = YES;
				GCC_WARN_ABOUT_RETURN_TYPE = YES_ERROR;
				GCC_WARN_UNDECLARED_SELECTOR = YES;
				GCC_WARN_UNINITIALIZED_AUTOS = YES_AGGRESSIVE;
				GCC_WARN_UNUSED_FUNCTION = YES;
				GCC_WARN_UNUSED_VARIABLE = YES;
				IPHONEOS_DEPLOYMENT_TARGET = 18.0;
				LOCALIZATION_PREFERS_STRING_CATALOGS = YES;
				MTL_ENABLE_DEBUG_INFO = NO;
				MTL_FAST_MATH = YES;
				SDKROOT = iphoneos;
				SWIFT_COMPILATION_MODE = wholemodule;
				VALIDATE_PRODUCT = YES;
			};
			name = Release;
		};
		B25BFEA92CCE35DD008AC601 /* Debug */ = {
			isa = XCBuildConfiguration;
			buildSettings = {
				ASSETCATALOG_COMPILER_APPICON_NAME = AppIcon;
				ASSETCATALOG_COMPILER_GLOBAL_ACCENT_COLOR_NAME = AccentColor;
				CODE_SIGN_STYLE = Automatic;
				CURRENT_PROJECT_VERSION = 1;
				DEVELOPMENT_ASSET_PATHS = "\"sample-memo/Preview Content\"";
				DEVELOPMENT_TEAM = F4RBV554T5;
				ENABLE_PREVIEWS = YES;
				GENERATE_INFOPLIST_FILE = YES;
				INFOPLIST_KEY_UIApplicationSceneManifest_Generation = YES;
				INFOPLIST_KEY_UIApplicationSupportsIndirectInputEvents = YES;
				INFOPLIST_KEY_UILaunchScreen_Generation = YES;
				INFOPLIST_KEY_UISupportedInterfaceOrientations_iPad = "UIInterfaceOrientationPortrait UIInterfaceOrientationPortraitUpsideDown UIInterfaceOrientationLandscapeLeft UIInterfaceOrientationLandscapeRight";
				INFOPLIST_KEY_UISupportedInterfaceOrientations_iPhone = "UIInterfaceOrientationPortrait UIInterfaceOrientationLandscapeLeft UIInterfaceOrientationLandscapeRight";
				LD_RUNPATH_SEARCH_PATHS = (
					"$(inherited)",
					"@executable_path/Frameworks",
				);
				MARKETING_VERSION = 1.0;
				PRODUCT_BUNDLE_IDENTIFIER = "sample-memo.sample-memo";
				PRODUCT_NAME = "$(TARGET_NAME)";
				SWIFT_EMIT_LOC_STRINGS = YES;
				SWIFT_VERSION = 5.0;
				TARGETED_DEVICE_FAMILY = "1,2";
			};
			name = Debug;
		};
		B25BFEAA2CCE35DD008AC601 /* Release */ = {
			isa = XCBuildConfiguration;
			buildSettings = {
				ASSETCATALOG_COMPILER_APPICON_NAME = AppIcon;
				ASSETCATALOG_COMPILER_GLOBAL_ACCENT_COLOR_NAME = AccentColor;
				CODE_SIGN_STYLE = Automatic;
				CURRENT_PROJECT_VERSION = 1;
				DEVELOPMENT_ASSET_PATHS = "\"sample-memo/Preview Content\"";
				DEVELOPMENT_TEAM = F4RBV554T5;
				ENABLE_PREVIEWS = YES;
				GENERATE_INFOPLIST_FILE = YES;
				INFOPLIST_KEY_UIApplicationSceneManifest_Generation = YES;
				INFOPLIST_KEY_UIApplicationSupportsIndirectInputEvents = YES;
				INFOPLIST_KEY_UILaunchScreen_Generation = YES;
				INFOPLIST_KEY_UISupportedInterfaceOrientations_iPad = "UIInterfaceOrientationPortrait UIInterfaceOrientationPortraitUpsideDown UIInterfaceOrientationLandscapeLeft UIInterfaceOrientationLandscapeRight";
				INFOPLIST_KEY_UISupportedInterfaceOrientations_iPhone = "UIInterfaceOrientationPortrait UIInterfaceOrientationLandscapeLeft UIInterfaceOrientationLandscapeRight";
				LD_RUNPATH_SEARCH_PATHS = (
					"$(inherited)",
					"@executable_path/Frameworks",
				);
				MARKETING_VERSION = 1.0;
				PRODUCT_BUNDLE_IDENTIFIER = "sample-memo.sample-memo";
				PRODUCT_NAME = "$(TARGET_NAME)";
				SWIFT_EMIT_LOC_STRINGS = YES;
				SWIFT_VERSION = 5.0;
				TARGETED_DEVICE_FAMILY = "1,2";
			};
			name = Release;
		};
		B25BFEAC2CCE35DD008AC601 /* Debug */ = {
			isa = XCBuildConfiguration;
			buildSettings = {
				BUNDLE_LOADER = "$(TEST_HOST)";
				CODE_SIGN_STYLE = Automatic;
				CURRENT_PROJECT_VERSION = 1;
				DEVELOPMENT_TEAM = F4RBV554T5;
				GENERATE_INFOPLIST_FILE = YES;
				IPHONEOS_DEPLOYMENT_TARGET = 18.0;
				MARKETING_VERSION = 1.0;
				PRODUCT_BUNDLE_IDENTIFIER = "sample-memo.sample-memoTests";
				PRODUCT_NAME = "$(TARGET_NAME)";
				SWIFT_EMIT_LOC_STRINGS = NO;
				SWIFT_VERSION = 5.0;
				TARGETED_DEVICE_FAMILY = "1,2";
				TEST_HOST = "$(BUILT_PRODUCTS_DIR)/sample-memo.app/$(BUNDLE_EXECUTABLE_FOLDER_PATH)/sample-memo";
			};
			name = Debug;
		};
		B25BFEAD2CCE35DD008AC601 /* Release */ = {
			isa = XCBuildConfiguration;
			buildSettings = {
				BUNDLE_LOADER = "$(TEST_HOST)";
				CODE_SIGN_STYLE = Automatic;
				CURRENT_PROJECT_VERSION = 1;
				DEVELOPMENT_TEAM = F4RBV554T5;
				GENERATE_INFOPLIST_FILE = YES;
				IPHONEOS_DEPLOYMENT_TARGET = 18.0;
				MARKETING_VERSION = 1.0;
				PRODUCT_BUNDLE_IDENTIFIER = "sample-memo.sample-memoTests";
				PRODUCT_NAME = "$(TARGET_NAME)";
				SWIFT_EMIT_LOC_STRINGS = NO;
				SWIFT_VERSION = 5.0;
				TARGETED_DEVICE_FAMILY = "1,2";
				TEST_HOST = "$(BUILT_PRODUCTS_DIR)/sample-memo.app/$(BUNDLE_EXECUTABLE_FOLDER_PATH)/sample-memo";
			};
			name = Release;
		};
		B25BFEAF2CCE35DD008AC601 /* Debug */ = {
			isa = XCBuildConfiguration;
			buildSettings = {
				CODE_SIGN_STYLE = Automatic;
				CURRENT_PROJECT_VERSION = 1;
				DEVELOPMENT_TEAM = F4RBV554T5;
				GENERATE_INFOPLIST_FILE = YES;
				MARKETING_VERSION = 1.0;
				PRODUCT_BUNDLE_IDENTIFIER = "sample-memo.sample-memoUITests";
				PRODUCT_NAME = "$(TARGET_NAME)";
				SWIFT_EMIT_LOC_STRINGS = NO;
				SWIFT_VERSION = 5.0;
				TARGETED_DEVICE_FAMILY = "1,2";
				TEST_TARGET_NAME = "sample-memo";
			};
			name = Debug;
		};
		B25BFEB02CCE35DD008AC601 /* Release */ = {
			isa = XCBuildConfiguration;
			buildSettings = {
				CODE_SIGN_STYLE = Automatic;
				CURRENT_PROJECT_VERSION = 1;
				DEVELOPMENT_TEAM = F4RBV554T5;
				GENERATE_INFOPLIST_FILE = YES;
				MARKETING_VERSION = 1.0;
				PRODUCT_BUNDLE_IDENTIFIER = "sample-memo.sample-memoUITests";
				PRODUCT_NAME = "$(TARGET_NAME)";
				SWIFT_EMIT_LOC_STRINGS = NO;
				SWIFT_VERSION = 5.0;
				TARGETED_DEVICE_FAMILY = "1,2";
				TEST_TARGET_NAME = "sample-memo";
			};
			name = Release;
		};
/* End XCBuildConfiguration section */

/* Begin XCConfigurationList section */
		B25BFE7D2CCE35D8008AC601 /* Build configuration list for PBXProject "sample-memo" */ = {
			isa = XCConfigurationList;
			buildConfigurations = (
				B25BFEA62CCE35DD008AC601 /* Debug */,
				B25BFEA72CCE35DD008AC601 /* Release */,
			);
			defaultConfigurationIsVisible = 0;
			defaultConfigurationName = Release;
		};
		B25BFEA82CCE35DD008AC601 /* Build configuration list for PBXNativeTarget "sample-memo" */ = {
			isa = XCConfigurationList;
			buildConfigurations = (
				B25BFEA92CCE35DD008AC601 /* Debug */,
				B25BFEAA2CCE35DD008AC601 /* Release */,
			);
			defaultConfigurationIsVisible = 0;
			defaultConfigurationName = Release;
		};
		B25BFEAB2CCE35DD008AC601 /* Build configuration list for PBXNativeTarget "sample-memoTests" */ = {
			isa = XCConfigurationList;
			buildConfigurations = (
				B25BFEAC2CCE35DD008AC601 /* Debug */,
				B25BFEAD2CCE35DD008AC601 /* Release */,
			);
			defaultConfigurationIsVisible = 0;
			defaultConfigurationName = Release;
		};
		B25BFEAE2CCE35DD008AC601 /* Build configuration list for PBXNativeTarget "sample-memoUITests" */ = {
			isa = XCConfigurationList;
			buildConfigurations = (
				B25BFEAF2CCE35DD008AC601 /* Debug */,
				B25BFEB02CCE35DD008AC601 /* Release */,
			);
			defaultConfigurationIsVisible = 0;
			defaultConfigurationName = Release;
		};
/* End XCConfigurationList section */
	};
	rootObject = B25BFE7A2CCE35D8008AC601 /* Project object */;
}
